
Microsoft Visual Studio Solution File, Format Version 12.00
# Visual Studio 14
VisualStudioVersion = 14.0.25123.0
MinimumVisualStudioVersion = 10.0.40219.1
Project("{8BC9CEB8-8B4A-11D0-8D11-00A0C91BC942}") = "BinaryGenerator_32bit_int", "BinaryGenerator_32bit_int\BinaryGenerator_32bit_int.vcxproj", "{B7E518D8-67E6-45FB-813E-6B1FB79AE6D0}"
EndProject
Global
	GlobalSection(SolutionConfigurationPlatforms) = preSolution
		Debug|x64 = Debug|x64
		Debug|x86 = Debug|x86
		Release|x64 = Release|x64
		Release|x86 = Release|x86
	EndGlobalSection
	GlobalSection(ProjectConfigurationPlatforms) = postSolution
		{B7E518D8-67E6-45FB-813E-6B1FB79AE6D0}.Debug|x64.ActiveCfg = Debug|x64
		{B7E518D8-67E6-45FB-813E-6B1FB79AE6D0}.Debug|x64.Build.0 = Debug|x64
		{B7E518D8-67E6-45FB-813E-6B1FB79AE6D0}.Debug|x86.ActiveCfg = Debug|Win32
		{B7E518D8-67E6-45FB-813E-6B1FB79AE6D0}.Debug|x86.Build.0 = Debug|Win32
		{B7E518D8-67E6-45FB-813E-6B1FB79AE6D0}.Release|x64.ActiveCfg = Release|x64
		{B7E518D8-67E6-45FB-813E-6B1FB79AE6D0}.Release|x64.Build.0 = Release|x64
		{B7E518D8-67E6-45FB-813E-6B1FB79AE6D0}.Release|x86.ActiveCfg = Release|Win32
		{B7E518D8-67E6-45FB-813E-6B1FB79AE6D0}.Release|x86.Build.0 = Release|Win32
	EndGlobalSection
	GlobalSection(SolutionProperties) = preSolution
		HideSolutionNode = FALSE
	EndGlobalSection
EndGlobal
